
Microsoft Visual Studio Solution File, Format Version 12.00
# Visual Studio Version 17
VisualStudioVersion = 17.5.33530.505
MinimumVisualStudioVersion = 10.0.40219.1
Project("{FAE04EC0-301F-11D3-BF4B-00C04F79EFBC}") = "TeleHome", "TeleHome\TeleHome.csproj", "{72F83886-3956-4F19-96D0-D2FB6CC8A233}"
EndProject
Global
	GlobalSection(SolutionConfigurationPlatforms) = preSolution
		Debug|Any CPU = Debug|Any CPU
		Release|Any CPU = Release|Any CPU
	EndGlobalSection
	GlobalSection(ProjectConfigurationPlatforms) = postSolution
		{72F83886-3956-4F19-96D0-D2FB6CC8A233}.Debug|Any CPU.ActiveCfg = Debug|Any CPU
		{72F83886-3956-4F19-96D0-D2FB6CC8A233}.Debug|Any CPU.Build.0 = Debug|Any CPU
		{72F83886-3956-4F19-96D0-D2FB6CC8A233}.Release|Any CPU.ActiveCfg = Release|Any CPU
		{72F83886-3956-4F19-96D0-D2FB6CC8A233}.Release|Any CPU.Build.0 = Release|Any CPU
	EndGlobalSection
	GlobalSection(SolutionProperties) = preSolution
		HideSolutionNode = FALSE
	EndGlobalSection
	GlobalSection(ExtensibilityGlobals) = postSolution
		SolutionGuid = {4D4D5E99-2C7C-481F-87A9-D2F35E9CC020}
	EndGlobalSection
EndGlobal
